
Microsoft Visual Studio Solution File, Format Version 12.00
# Visual Studio Version 16
VisualStudioVersion = 16.0.30621.155
MinimumVisualStudioVersion = 10.0.40219.1
Project("{FAE04EC0-301F-11D3-BF4B-00C04F79EFBC}") = "Classwork3", "Classwork3\Classwork3.csproj", "{C1868B3A-5C7E-450D-A849-DDD4D2F377E1}"
EndProject
Global
	GlobalSection(SolutionConfigurationPlatforms) = preSolution
		Debug|Any CPU = Debug|Any CPU
		Release|Any CPU = Release|Any CPU
	EndGlobalSection
	GlobalSection(ProjectConfigurationPlatforms) = postSolution
		{C1868B3A-5C7E-450D-A849-DDD4D2F377E1}.Debug|Any CPU.ActiveCfg = Debug|Any CPU
		{C1868B3A-5C7E-450D-A849-DDD4D2F377E1}.Debug|Any CPU.Build.0 = Debug|Any CPU
		{C1868B3A-5C7E-450D-A849-DDD4D2F377E1}.Release|Any CPU.ActiveCfg = Release|Any CPU
		{C1868B3A-5C7E-450D-A849-DDD4D2F377E1}.Release|Any CPU.Build.0 = Release|Any CPU
	EndGlobalSection
	GlobalSection(SolutionProperties) = preSolution
		HideSolutionNode = FALSE
	EndGlobalSection
	GlobalSection(ExtensibilityGlobals) = postSolution
		SolutionGuid = {51FAFCC1-26CF-4C7B-A2E0-6CC6EA6C0C58}
	EndGlobalSection
EndGlobal
